
Microsoft Visual Studio Solution File, Format Version 12.00
# Visual Studio Version 16
VisualStudioVersion = 16.0.30011.22
MinimumVisualStudioVersion = 15.0.26124.0
Project("{9A19103F-16F7-4668-BE54-9A1E7A4F7556}") = "DFC.App.Account", "DFC.App.Account\DFC.App.Account.csproj", "{79FB0A7E-3102-4EDB-80C5-E38AD61709B1}"
EndProject
Project("{9A19103F-16F7-4668-BE54-9A1E7A4F7556}") = "DFC.App.Account.UnitTests", "DFC.App.Account.UnitTests\DFC.App.Account.UnitTests.csproj", "{DC87EC67-9C8D-4360-9587-A78829D06299}"
EndProject
Project("{9A19103F-16F7-4668-BE54-9A1E7A4F7556}") = "DFC.App.Account.Services.DSS", "DFC.App.Account.Services.DSS\DFC.App.Account.Services.DSS.csproj", "{2B96F511-BA18-4ED3-8D72-25F8DBD5058F}"
EndProject
Project("{2150E333-8FDC-42A3-9474-1A3956D46DE8}") = "Tests", "Tests", "{AE0C4445-4994-4044-9379-2E242E4CB997}"
EndProject
Project("{9A19103F-16F7-4668-BE54-9A1E7A4F7556}") = "DFC.App.Account.Services.DSS.UnitTests", "DFC.App.Account.Services.DSS.UnitTests\DFC.App.Account.Services.DSS.UnitTests.csproj", "{83398966-AA47-410D-8B8A-EAD953B9D5A3}"
EndProject
Project("{9A19103F-16F7-4668-BE54-9A1E7A4F7556}") = "DFC.App.Accounts.IntegrationTest", "DFC.App.Accounts.IntegrationTest\DFC.App.Accounts.IntegrationTest.csproj", "{883598B1-0EB9-4E40-88E2-02B15BD4921D}"
EndProject
Project("{9A19103F-16F7-4668-BE54-9A1E7A4F7556}") = "DFC.App.Account.Services.SHC", "DFC.App.Account.Services.SHC\DFC.App.Account.Services.SHC.csproj", "{13164A27-6972-4BB0-A001-6FFBD6A5FA57}"
EndProject
Project("{9A19103F-16F7-4668-BE54-9A1E7A4F7556}") = "DFC.App.Account.Application", "DFC.App.Account.Application\DFC.App.Account.Application.csproj", "{31071C54-F9EE-4952-98C4-1B350BCEC06F}"
EndProject
Project("{9A19103F-16F7-4668-BE54-9A1E7A4F7556}") = "DFC.App.Account.Services.SHC.UnitTests", "DFC.App.Account.Services.SHC.UnitTests\DFC.App.Account.Services.SHC.UnitTests.csproj", "{39206FE5-5F1D-495C-9DBB-8F17E04A5F58}"
EndProject
Project("{9A19103F-16F7-4668-BE54-9A1E7A4F7556}") = "DFC.App.Account.Services.Auth", "DFC.App.Account.Services.Auth\DFC.App.Account.Services.Auth.csproj", "{0E9F85BE-B7FA-48B9-805F-6040E01947C3}"
EndProject
Project("{9A19103F-16F7-4668-BE54-9A1E7A4F7556}") = "DFC.App.Account.Services.Auth.UnitTests", "DFC.App.Account.Services.Auth.UnitTests\DFC.App.Account.Services.Auth.UnitTests.csproj", "{6C5DB68A-1EDC-4158-92AB-87D06BA43BFA}"
EndProject
Project("{9A19103F-16F7-4668-BE54-9A1E7A4F7556}") = "DFC.APP.Account.CacheContentService", "DFC.APP.Account.CacheContentService\DFC.APP.Account.CacheContentService.csproj", "{9F7CB85C-04FF-46FC-A36A-8971938FC393}"
EndProject
Project("{9A19103F-16F7-4668-BE54-9A1E7A4F7556}") = "DFC.APP.Account.Data", "DFC.APP.Account.Data\DFC.APP.Account.Data.csproj", "{6F1B3DB4-ACD0-4436-83A2-9853A9C27679}"
EndProject
Project("{2150E333-8FDC-42A3-9474-1A3956D46DE8}") = "Data", "Data", "{4D15C03D-9481-46FC-8BF8-94AC76DA0168}"
EndProject
Project("{2150E333-8FDC-42A3-9474-1A3956D46DE8}") = "Services", "Services", "{A137F9FE-7080-4CA9-84F8-F91BE4BC0044}"
EndProject
Project("{9A19103F-16F7-4668-BE54-9A1E7A4F7556}") = "DFC.App.Account.CacheContentService.UnitTests", "DFC.App.Account.CacheContentService.UnitTests\DFC.App.Account.CacheContentService.UnitTests.csproj", "{8A6DA8A9-9307-4C3E-9DE9-2E9AE723F0AA}"
EndProject
Project("{2150E333-8FDC-42A3-9474-1A3956D46DE8}") = "FunctionalTests", "FunctionalTests", "{29FC9AE7-C2EE-4B47-9D6F-7403BC75CAA2}"
EndProject
Project("{2150E333-8FDC-42A3-9474-1A3956D46DE8}") = "UI", "UI", "{5C2CEFB5-D348-4535-A0AC-F5CB92DB7D4C}"
EndProject
Project("{9A19103F-16F7-4668-BE54-9A1E7A4F7556}") = "DFC.App.Accounts.UI.FunctionalTests", "DFC.App.Accounts.UI.FunctionalTests\DFC.App.Accounts.UI.FunctionalTests.csproj", "{6926461B-0774-4F94-AB0F-9100DD738DA3}"
EndProject
Project("{2150E333-8FDC-42A3-9474-1A3956D46DE8}") = "Solution Items", "Solution Items", "{16CF7097-8CC7-4210-9220-B72FBB28B325}"
	ProjectSection(SolutionItems) = preProject
		.editorconfig = .editorconfig
	EndProjectSection
EndProject
Project("{9A19103F-16F7-4668-BE54-9A1E7A4F7556}") = "DFC.App.Account.Application.UnitTests", "DFC.App.Account.Application.UnitTests\DFC.App.Account.Application.UnitTests.csproj", "{382FFA1B-1DA4-4A8F-A350-92FD414D121C}"
EndProject
Global
	GlobalSection(SolutionConfigurationPlatforms) = preSolution
		Debug|Any CPU = Debug|Any CPU
		Debug|x64 = Debug|x64
		Debug|x86 = Debug|x86
		Release|Any CPU = Release|Any CPU
		Release|x64 = Release|x64
		Release|x86 = Release|x86
	EndGlobalSection
	GlobalSection(ProjectConfigurationPlatforms) = postSolution
		{79FB0A7E-3102-4EDB-80C5-E38AD61709B1}.Debug|Any CPU.ActiveCfg = Debug|Any CPU
		{79FB0A7E-3102-4EDB-80C5-E38AD61709B1}.Debug|Any CPU.Build.0 = Debug|Any CPU
		{79FB0A7E-3102-4EDB-80C5-E38AD61709B1}.Debug|x64.ActiveCfg = Debug|Any CPU
		{79FB0A7E-3102-4EDB-80C5-E38AD61709B1}.Debug|x64.Build.0 = Debug|Any CPU
		{79FB0A7E-3102-4EDB-80C5-E38AD61709B1}.Debug|x86.ActiveCfg = Debug|Any CPU
		{79FB0A7E-3102-4EDB-80C5-E38AD61709B1}.Debug|x86.Build.0 = Debug|Any CPU
		{79FB0A7E-3102-4EDB-80C5-E38AD61709B1}.Release|Any CPU.ActiveCfg = Release|Any CPU
		{79FB0A7E-3102-4EDB-80C5-E38AD61709B1}.Release|Any CPU.Build.0 = Release|Any CPU
		{79FB0A7E-3102-4EDB-80C5-E38AD61709B1}.Release|x64.ActiveCfg = Release|Any CPU
		{79FB0A7E-3102-4EDB-80C5-E38AD61709B1}.Release|x64.Build.0 = Release|Any CPU
		{79FB0A7E-3102-4EDB-80C5-E38AD61709B1}.Release|x86.ActiveCfg = Release|Any CPU
		{79FB0A7E-3102-4EDB-80C5-E38AD61709B1}.Release|x86.Build.0 = Release|Any CPU
		{DC87EC67-9C8D-4360-9587-A78829D06299}.Debug|Any CPU.ActiveCfg = Debug|Any CPU
		{DC87EC67-9C8D-4360-9587-A78829D06299}.Debug|Any CPU.Build.0 = Debug|Any CPU
		{DC87EC67-9C8D-4360-9587-A78829D06299}.Debug|x64.ActiveCfg = Debug|Any CPU
		{DC87EC67-9C8D-4360-9587-A78829D06299}.Debug|x64.Build.0 = Debug|Any CPU
		{DC87EC67-9C8D-4360-9587-A78829D06299}.Debug|x86.ActiveCfg = Debug|Any CPU
		{DC87EC67-9C8D-4360-9587-A78829D06299}.Debug|x86.Build.0 = Debug|Any CPU
		{DC87EC67-9C8D-4360-9587-A78829D06299}.Release|Any CPU.ActiveCfg = Release|Any CPU
		{DC87EC67-9C8D-4360-9587-A78829D06299}.Release|Any CPU.Build.0 = Release|Any CPU
		{DC87EC67-9C8D-4360-9587-A78829D06299}.Release|x64.ActiveCfg = Release|Any CPU
		{DC87EC67-9C8D-4360-9587-A78829D06299}.Release|x64.Build.0 = Release|Any CPU
		{DC87EC67-9C8D-4360-9587-A78829D06299}.Release|x86.ActiveCfg = Release|Any CPU
		{DC87EC67-9C8D-4360-9587-A78829D06299}.Release|x86.Build.0 = Release|Any CPU
		{2B96F511-BA18-4ED3-8D72-25F8DBD5058F}.Debug|Any CPU.ActiveCfg = Debug|Any CPU
		{2B96F511-BA18-4ED3-8D72-25F8DBD5058F}.Debug|Any CPU.Build.0 = Debug|Any CPU
		{2B96F511-BA18-4ED3-8D72-25F8DBD5058F}.Debug|x64.ActiveCfg = Debug|Any CPU
		{2B96F511-BA18-4ED3-8D72-25F8DBD5058F}.Debug|x64.Build.0 = Debug|Any CPU
		{2B96F511-BA18-4ED3-8D72-25F8DBD5058F}.Debug|x86.ActiveCfg = Debug|Any CPU
		{2B96F511-BA18-4ED3-8D72-25F8DBD5058F}.Debug|x86.Build.0 = Debug|Any CPU
		{2B96F511-BA18-4ED3-8D72-25F8DBD5058F}.Release|Any CPU.ActiveCfg = Release|Any CPU
		{2B96F511-BA18-4ED3-8D72-25F8DBD5058F}.Release|Any CPU.Build.0 = Release|Any CPU
		{2B96F511-BA18-4ED3-8D72-25F8DBD5058F}.Release|x64.ActiveCfg = Release|Any CPU
		{2B96F511-BA18-4ED3-8D72-25F8DBD5058F}.Release|x64.Build.0 = Release|Any CPU
		{2B96F511-BA18-4ED3-8D72-25F8DBD5058F}.Release|x86.ActiveCfg = Release|Any CPU
		{2B96F511-BA18-4ED3-8D72-25F8DBD5058F}.Release|x86.Build.0 = Release|Any CPU
		{83398966-AA47-410D-8B8A-EAD953B9D5A3}.Debug|Any CPU.ActiveCfg = Debug|Any CPU
		{83398966-AA47-410D-8B8A-EAD953B9D5A3}.Debug|Any CPU.Build.0 = Debug|Any CPU
		{83398966-AA47-410D-8B8A-EAD953B9D5A3}.Debug|x64.ActiveCfg = Debug|Any CPU
		{83398966-AA47-410D-8B8A-EAD953B9D5A3}.Debug|x64.Build.0 = Debug|Any CPU
		{83398966-AA47-410D-8B8A-EAD953B9D5A3}.Debug|x86.ActiveCfg = Debug|Any CPU
		{83398966-AA47-410D-8B8A-EAD953B9D5A3}.Debug|x86.Build.0 = Debug|Any CPU
		{83398966-AA47-410D-8B8A-EAD953B9D5A3}.Release|Any CPU.ActiveCfg = Release|Any CPU
		{83398966-AA47-410D-8B8A-EAD953B9D5A3}.Release|Any CPU.Build.0 = Release|Any CPU
		{83398966-AA47-410D-8B8A-EAD953B9D5A3}.Release|x64.ActiveCfg = Release|Any CPU
		{83398966-AA47-410D-8B8A-EAD953B9D5A3}.Release|x64.Build.0 = Release|Any CPU
		{83398966-AA47-410D-8B8A-EAD953B9D5A3}.Release|x86.ActiveCfg = Release|Any CPU
		{83398966-AA47-410D-8B8A-EAD953B9D5A3}.Release|x86.Build.0 = Release|Any CPU
		{883598B1-0EB9-4E40-88E2-02B15BD4921D}.Debug|Any CPU.ActiveCfg = Debug|Any CPU
		{883598B1-0EB9-4E40-88E2-02B15BD4921D}.Debug|Any CPU.Build.0 = Debug|Any CPU
		{883598B1-0EB9-4E40-88E2-02B15BD4921D}.Debug|x64.ActiveCfg = Debug|Any CPU
		{883598B1-0EB9-4E40-88E2-02B15BD4921D}.Debug|x64.Build.0 = Debug|Any CPU
		{883598B1-0EB9-4E40-88E2-02B15BD4921D}.Debug|x86.ActiveCfg = Debug|Any CPU
		{883598B1-0EB9-4E40-88E2-02B15BD4921D}.Debug|x86.Build.0 = Debug|Any CPU
		{883598B1-0EB9-4E40-88E2-02B15BD4921D}.Release|Any CPU.ActiveCfg = Release|Any CPU
		{883598B1-0EB9-4E40-88E2-02B15BD4921D}.Release|Any CPU.Build.0 = Release|Any CPU
		{883598B1-0EB9-4E40-88E2-02B15BD4921D}.Release|x64.ActiveCfg = Release|Any CPU
		{883598B1-0EB9-4E40-88E2-02B15BD4921D}.Release|x64.Build.0 = Release|Any CPU
		{883598B1-0EB9-4E40-88E2-02B15BD4921D}.Release|x86.ActiveCfg = Release|Any CPU
		{883598B1-0EB9-4E40-88E2-02B15BD4921D}.Release|x86.Build.0 = Release|Any CPU
		{13164A27-6972-4BB0-A001-6FFBD6A5FA57}.Debug|Any CPU.ActiveCfg = Debug|Any CPU
		{13164A27-6972-4BB0-A001-6FFBD6A5FA57}.Debug|Any CPU.Build.0 = Debug|Any CPU
		{13164A27-6972-4BB0-A001-6FFBD6A5FA57}.Debug|x64.ActiveCfg = Debug|Any CPU
		{13164A27-6972-4BB0-A001-6FFBD6A5FA57}.Debug|x64.Build.0 = Debug|Any CPU
		{13164A27-6972-4BB0-A001-6FFBD6A5FA57}.Debug|x86.ActiveCfg = Debug|Any CPU
		{13164A27-6972-4BB0-A001-6FFBD6A5FA57}.Debug|x86.Build.0 = Debug|Any CPU
		{13164A27-6972-4BB0-A001-6FFBD6A5FA57}.Release|Any CPU.ActiveCfg = Release|Any CPU
		{13164A27-6972-4BB0-A001-6FFBD6A5FA57}.Release|Any CPU.Build.0 = Release|Any CPU
		{13164A27-6972-4BB0-A001-6FFBD6A5FA57}.Release|x64.ActiveCfg = Release|Any CPU
		{13164A27-6972-4BB0-A001-6FFBD6A5FA57}.Release|x64.Build.0 = Release|Any CPU
		{13164A27-6972-4BB0-A001-6FFBD6A5FA57}.Release|x86.ActiveCfg = Release|Any CPU
		{13164A27-6972-4BB0-A001-6FFBD6A5FA57}.Release|x86.Build.0 = Release|Any CPU
		{31071C54-F9EE-4952-98C4-1B350BCEC06F}.Debug|Any CPU.ActiveCfg = Debug|Any CPU
		{31071C54-F9EE-4952-98C4-1B350BCEC06F}.Debug|Any CPU.Build.0 = Debug|Any CPU
		{31071C54-F9EE-4952-98C4-1B350BCEC06F}.Debug|x64.ActiveCfg = Debug|Any CPU
		{31071C54-F9EE-4952-98C4-1B350BCEC06F}.Debug|x64.Build.0 = Debug|Any CPU
		{31071C54-F9EE-4952-98C4-1B350BCEC06F}.Debug|x86.ActiveCfg = Debug|Any CPU
		{31071C54-F9EE-4952-98C4-1B350BCEC06F}.Debug|x86.Build.0 = Debug|Any CPU
		{31071C54-F9EE-4952-98C4-1B350BCEC06F}.Release|Any CPU.ActiveCfg = Release|Any CPU
		{31071C54-F9EE-4952-98C4-1B350BCEC06F}.Release|Any CPU.Build.0 = Release|Any CPU
		{31071C54-F9EE-4952-98C4-1B350BCEC06F}.Release|x64.ActiveCfg = Release|Any CPU
		{31071C54-F9EE-4952-98C4-1B350BCEC06F}.Release|x64.Build.0 = Release|Any CPU
		{31071C54-F9EE-4952-98C4-1B350BCEC06F}.Release|x86.ActiveCfg = Release|Any CPU
		{31071C54-F9EE-4952-98C4-1B350BCEC06F}.Release|x86.Build.0 = Release|Any CPU
		{39206FE5-5F1D-495C-9DBB-8F17E04A5F58}.Debug|Any CPU.ActiveCfg = Debug|Any CPU
		{39206FE5-5F1D-495C-9DBB-8F17E04A5F58}.Debug|Any CPU.Build.0 = Debug|Any CPU
		{39206FE5-5F1D-495C-9DBB-8F17E04A5F58}.Debug|x64.ActiveCfg = Debug|Any CPU
		{39206FE5-5F1D-495C-9DBB-8F17E04A5F58}.Debug|x64.Build.0 = Debug|Any CPU
		{39206FE5-5F1D-495C-9DBB-8F17E04A5F58}.Debug|x86.ActiveCfg = Debug|Any CPU
		{39206FE5-5F1D-495C-9DBB-8F17E04A5F58}.Debug|x86.Build.0 = Debug|Any CPU
		{39206FE5-5F1D-495C-9DBB-8F17E04A5F58}.Release|Any CPU.ActiveCfg = Release|Any CPU
		{39206FE5-5F1D-495C-9DBB-8F17E04A5F58}.Release|Any CPU.Build.0 = Release|Any CPU
		{39206FE5-5F1D-495C-9DBB-8F17E04A5F58}.Release|x64.ActiveCfg = Release|Any CPU
		{39206FE5-5F1D-495C-9DBB-8F17E04A5F58}.Release|x64.Build.0 = Release|Any CPU
		{39206FE5-5F1D-495C-9DBB-8F17E04A5F58}.Release|x86.ActiveCfg = Release|Any CPU
		{39206FE5-5F1D-495C-9DBB-8F17E04A5F58}.Release|x86.Build.0 = Release|Any CPU
		{0E9F85BE-B7FA-48B9-805F-6040E01947C3}.Debug|Any CPU.ActiveCfg = Debug|Any CPU
		{0E9F85BE-B7FA-48B9-805F-6040E01947C3}.Debug|Any CPU.Build.0 = Debug|Any CPU
		{0E9F85BE-B7FA-48B9-805F-6040E01947C3}.Debug|x64.ActiveCfg = Debug|Any CPU
		{0E9F85BE-B7FA-48B9-805F-6040E01947C3}.Debug|x64.Build.0 = Debug|Any CPU
		{0E9F85BE-B7FA-48B9-805F-6040E01947C3}.Debug|x86.ActiveCfg = Debug|Any CPU
		{0E9F85BE-B7FA-48B9-805F-6040E01947C3}.Debug|x86.Build.0 = Debug|Any CPU
		{0E9F85BE-B7FA-48B9-805F-6040E01947C3}.Release|Any CPU.ActiveCfg = Release|Any CPU
		{0E9F85BE-B7FA-48B9-805F-6040E01947C3}.Release|Any CPU.Build.0 = Release|Any CPU
		{0E9F85BE-B7FA-48B9-805F-6040E01947C3}.Release|x64.ActiveCfg = Release|Any CPU
		{0E9F85BE-B7FA-48B9-805F-6040E01947C3}.Release|x64.Build.0 = Release|Any CPU
		{0E9F85BE-B7FA-48B9-805F-6040E01947C3}.Release|x86.ActiveCfg = Release|Any CPU
		{0E9F85BE-B7FA-48B9-805F-6040E01947C3}.Release|x86.Build.0 = Release|Any CPU
		{6C5DB68A-1EDC-4158-92AB-87D06BA43BFA}.Debug|Any CPU.ActiveCfg = Debug|Any CPU
		{6C5DB68A-1EDC-4158-92AB-87D06BA43BFA}.Debug|Any CPU.Build.0 = Debug|Any CPU
		{6C5DB68A-1EDC-4158-92AB-87D06BA43BFA}.Debug|x64.ActiveCfg = Debug|Any CPU
		{6C5DB68A-1EDC-4158-92AB-87D06BA43BFA}.Debug|x64.Build.0 = Debug|Any CPU
		{6C5DB68A-1EDC-4158-92AB-87D06BA43BFA}.Debug|x86.ActiveCfg = Debug|Any CPU
		{6C5DB68A-1EDC-4158-92AB-87D06BA43BFA}.Debug|x86.Build.0 = Debug|Any CPU
		{6C5DB68A-1EDC-4158-92AB-87D06BA43BFA}.Release|Any CPU.ActiveCfg = Release|Any CPU
		{6C5DB68A-1EDC-4158-92AB-87D06BA43BFA}.Release|Any CPU.Build.0 = Release|Any CPU
		{6C5DB68A-1EDC-4158-92AB-87D06BA43BFA}.Release|x64.ActiveCfg = Release|Any CPU
		{6C5DB68A-1EDC-4158-92AB-87D06BA43BFA}.Release|x64.Build.0 = Release|Any CPU
		{6C5DB68A-1EDC-4158-92AB-87D06BA43BFA}.Release|x86.ActiveCfg = Release|Any CPU
		{6C5DB68A-1EDC-4158-92AB-87D06BA43BFA}.Release|x86.Build.0 = Release|Any CPU
		{9F7CB85C-04FF-46FC-A36A-8971938FC393}.Debug|Any CPU.ActiveCfg = Debug|Any CPU
		{9F7CB85C-04FF-46FC-A36A-8971938FC393}.Debug|Any CPU.Build.0 = Debug|Any CPU
		{9F7CB85C-04FF-46FC-A36A-8971938FC393}.Debug|x64.ActiveCfg = Debug|Any CPU
		{9F7CB85C-04FF-46FC-A36A-8971938FC393}.Debug|x64.Build.0 = Debug|Any CPU
		{9F7CB85C-04FF-46FC-A36A-8971938FC393}.Debug|x86.ActiveCfg = Debug|Any CPU
		{9F7CB85C-04FF-46FC-A36A-8971938FC393}.Debug|x86.Build.0 = Debug|Any CPU
		{9F7CB85C-04FF-46FC-A36A-8971938FC393}.Release|Any CPU.ActiveCfg = Release|Any CPU
		{9F7CB85C-04FF-46FC-A36A-8971938FC393}.Release|Any CPU.Build.0 = Release|Any CPU
		{9F7CB85C-04FF-46FC-A36A-8971938FC393}.Release|x64.ActiveCfg = Release|Any CPU
		{9F7CB85C-04FF-46FC-A36A-8971938FC393}.Release|x64.Build.0 = Release|Any CPU
		{9F7CB85C-04FF-46FC-A36A-8971938FC393}.Release|x86.ActiveCfg = Release|Any CPU
		{9F7CB85C-04FF-46FC-A36A-8971938FC393}.Release|x86.Build.0 = Release|Any CPU
		{6F1B3DB4-ACD0-4436-83A2-9853A9C27679}.Debug|Any CPU.ActiveCfg = Debug|Any CPU
		{6F1B3DB4-ACD0-4436-83A2-9853A9C27679}.Debug|Any CPU.Build.0 = Debug|Any CPU
		{6F1B3DB4-ACD0-4436-83A2-9853A9C27679}.Debug|x64.ActiveCfg = Debug|Any CPU
		{6F1B3DB4-ACD0-4436-83A2-9853A9C27679}.Debug|x64.Build.0 = Debug|Any CPU
		{6F1B3DB4-ACD0-4436-83A2-9853A9C27679}.Debug|x86.ActiveCfg = Debug|Any CPU
		{6F1B3DB4-ACD0-4436-83A2-9853A9C27679}.Debug|x86.Build.0 = Debug|Any CPU
		{6F1B3DB4-ACD0-4436-83A2-9853A9C27679}.Release|Any CPU.ActiveCfg = Release|Any CPU
		{6F1B3DB4-ACD0-4436-83A2-9853A9C27679}.Release|Any CPU.Build.0 = Release|Any CPU
		{6F1B3DB4-ACD0-4436-83A2-9853A9C27679}.Release|x64.ActiveCfg = Release|Any CPU
		{6F1B3DB4-ACD0-4436-83A2-9853A9C27679}.Release|x64.Build.0 = Release|Any CPU
		{6F1B3DB4-ACD0-4436-83A2-9853A9C27679}.Release|x86.ActiveCfg = Release|Any CPU
		{6F1B3DB4-ACD0-4436-83A2-9853A9C27679}.Release|x86.Build.0 = Release|Any CPU
		{8A6DA8A9-9307-4C3E-9DE9-2E9AE723F0AA}.Debug|Any CPU.ActiveCfg = Debug|Any CPU
		{8A6DA8A9-9307-4C3E-9DE9-2E9AE723F0AA}.Debug|Any CPU.Build.0 = Debug|Any CPU
		{8A6DA8A9-9307-4C3E-9DE9-2E9AE723F0AA}.Debug|x64.ActiveCfg = Debug|Any CPU
		{8A6DA8A9-9307-4C3E-9DE9-2E9AE723F0AA}.Debug|x64.Build.0 = Debug|Any CPU
		{8A6DA8A9-9307-4C3E-9DE9-2E9AE723F0AA}.Debug|x86.ActiveCfg = Debug|Any CPU
		{8A6DA8A9-9307-4C3E-9DE9-2E9AE723F0AA}.Debug|x86.Build.0 = Debug|Any CPU
		{8A6DA8A9-9307-4C3E-9DE9-2E9AE723F0AA}.Release|Any CPU.ActiveCfg = Release|Any CPU
		{8A6DA8A9-9307-4C3E-9DE9-2E9AE723F0AA}.Release|Any CPU.Build.0 = Release|Any CPU
		{8A6DA8A9-9307-4C3E-9DE9-2E9AE723F0AA}.Release|x64.ActiveCfg = Release|Any CPU
		{8A6DA8A9-9307-4C3E-9DE9-2E9AE723F0AA}.Release|x64.Build.0 = Release|Any CPU
		{8A6DA8A9-9307-4C3E-9DE9-2E9AE723F0AA}.Release|x86.ActiveCfg = Release|Any CPU
		{8A6DA8A9-9307-4C3E-9DE9-2E9AE723F0AA}.Release|x86.Build.0 = Release|Any CPU
		{6926461B-0774-4F94-AB0F-9100DD738DA3}.Debug|Any CPU.ActiveCfg = Debug|Any CPU
		{6926461B-0774-4F94-AB0F-9100DD738DA3}.Debug|Any CPU.Build.0 = Debug|Any CPU
		{6926461B-0774-4F94-AB0F-9100DD738DA3}.Debug|x64.ActiveCfg = Debug|Any CPU
		{6926461B-0774-4F94-AB0F-9100DD738DA3}.Debug|x64.Build.0 = Debug|Any CPU
		{6926461B-0774-4F94-AB0F-9100DD738DA3}.Debug|x86.ActiveCfg = Debug|Any CPU
		{6926461B-0774-4F94-AB0F-9100DD738DA3}.Debug|x86.Build.0 = Debug|Any CPU
		{6926461B-0774-4F94-AB0F-9100DD738DA3}.Release|Any CPU.ActiveCfg = Release|Any CPU
		{6926461B-0774-4F94-AB0F-9100DD738DA3}.Release|Any CPU.Build.0 = Release|Any CPU
		{6926461B-0774-4F94-AB0F-9100DD738DA3}.Release|x64.ActiveCfg = Release|Any CPU
		{6926461B-0774-4F94-AB0F-9100DD738DA3}.Release|x64.Build.0 = Release|Any CPU
		{6926461B-0774-4F94-AB0F-9100DD738DA3}.Release|x86.ActiveCfg = Release|Any CPU
		{6926461B-0774-4F94-AB0F-9100DD738DA3}.Release|x86.Build.0 = Release|Any CPU
		{382FFA1B-1DA4-4A8F-A350-92FD414D121C}.Debug|Any CPU.ActiveCfg = Debug|Any CPU
		{382FFA1B-1DA4-4A8F-A350-92FD414D121C}.Debug|Any CPU.Build.0 = Debug|Any CPU
		{382FFA1B-1DA4-4A8F-A350-92FD414D121C}.Debug|x64.ActiveCfg = Debug|Any CPU
		{382FFA1B-1DA4-4A8F-A350-92FD414D121C}.Debug|x64.Build.0 = Debug|Any CPU
		{382FFA1B-1DA4-4A8F-A350-92FD414D121C}.Debug|x86.ActiveCfg = Debug|Any CPU
		{382FFA1B-1DA4-4A8F-A350-92FD414D121C}.Debug|x86.Build.0 = Debug|Any CPU
		{382FFA1B-1DA4-4A8F-A350-92FD414D121C}.Release|Any CPU.ActiveCfg = Release|Any CPU
		{382FFA1B-1DA4-4A8F-A350-92FD414D121C}.Release|Any CPU.Build.0 = Release|Any CPU
		{382FFA1B-1DA4-4A8F-A350-92FD414D121C}.Release|x64.ActiveCfg = Release|Any CPU
		{382FFA1B-1DA4-4A8F-A350-92FD414D121C}.Release|x64.Build.0 = Release|Any CPU
		{382FFA1B-1DA4-4A8F-A350-92FD414D121C}.Release|x86.ActiveCfg = Release|Any CPU
		{382FFA1B-1DA4-4A8F-A350-92FD414D121C}.Release|x86.Build.0 = Release|Any CPU
	EndGlobalSection
	GlobalSection(SolutionProperties) = preSolution
		HideSolutionNode = FALSE
	EndGlobalSection
	GlobalSection(NestedProjects) = preSolution
		{DC87EC67-9C8D-4360-9587-A78829D06299} = {AE0C4445-4994-4044-9379-2E242E4CB997}
		{2B96F511-BA18-4ED3-8D72-25F8DBD5058F} = {A137F9FE-7080-4CA9-84F8-F91BE4BC0044}
		{83398966-AA47-410D-8B8A-EAD953B9D5A3} = {AE0C4445-4994-4044-9379-2E242E4CB997}
		{883598B1-0EB9-4E40-88E2-02B15BD4921D} = {AE0C4445-4994-4044-9379-2E242E4CB997}
		{13164A27-6972-4BB0-A001-6FFBD6A5FA57} = {A137F9FE-7080-4CA9-84F8-F91BE4BC0044}
		{31071C54-F9EE-4952-98C4-1B350BCEC06F} = {A137F9FE-7080-4CA9-84F8-F91BE4BC0044}
		{39206FE5-5F1D-495C-9DBB-8F17E04A5F58} = {AE0C4445-4994-4044-9379-2E242E4CB997}
		{0E9F85BE-B7FA-48B9-805F-6040E01947C3} = {A137F9FE-7080-4CA9-84F8-F91BE4BC0044}
		{6C5DB68A-1EDC-4158-92AB-87D06BA43BFA} = {AE0C4445-4994-4044-9379-2E242E4CB997}
		{9F7CB85C-04FF-46FC-A36A-8971938FC393} = {A137F9FE-7080-4CA9-84F8-F91BE4BC0044}
		{6F1B3DB4-ACD0-4436-83A2-9853A9C27679} = {4D15C03D-9481-46FC-8BF8-94AC76DA0168}
		{4D15C03D-9481-46FC-8BF8-94AC76DA0168} = {A137F9FE-7080-4CA9-84F8-F91BE4BC0044}
		{8A6DA8A9-9307-4C3E-9DE9-2E9AE723F0AA} = {AE0C4445-4994-4044-9379-2E242E4CB997}
		{29FC9AE7-C2EE-4B47-9D6F-7403BC75CAA2} = {AE0C4445-4994-4044-9379-2E242E4CB997}
		{5C2CEFB5-D348-4535-A0AC-F5CB92DB7D4C} = {29FC9AE7-C2EE-4B47-9D6F-7403BC75CAA2}
		{6926461B-0774-4F94-AB0F-9100DD738DA3} = {5C2CEFB5-D348-4535-A0AC-F5CB92DB7D4C}
		{382FFA1B-1DA4-4A8F-A350-92FD414D121C} = {AE0C4445-4994-4044-9379-2E242E4CB997}
	EndGlobalSection
	GlobalSection(ExtensibilityGlobals) = postSolution
		SolutionGuid = {BEFEB928-DA29-403D-86F5-1AADACC216DB}
	EndGlobalSection
EndGlobal
