
Microsoft Visual Studio Solution File, Format Version 12.00
# Visual Studio Version 16
VisualStudioVersion = 16.0.30011.22
MinimumVisualStudioVersion = 15.0.26124.0
Project("{9A19103F-16F7-4668-BE54-9A1E7A4F7556}") = "DFC.App.Account", "DFC.App.Account\DFC.App.Account.csproj", "{79FB0A7E-3102-4EDB-80C5-E38AD61709B1}"
EndProject
Project("{9A19103F-16F7-4668-BE54-9A1E7A4F7556}") = "DFC.App.Account.UnitTests", "DFC.App.Account.UnitTests\DFC.App.Account.UnitTests.csproj", "{DC87EC67-9C8D-4360-9587-A78829D06299}"
EndProject
Project("{9A19103F-16F7-4668-BE54-9A1E7A4F7556}") = "DFC.App.Account.Services.DSS", "DFC.App.Account.Services.DSS\DFC.App.Account.Services.DSS.csproj", "{2B96F511-BA18-4ED3-8D72-25F8DBD5058F}"
EndProject
Project("{2150E333-8FDC-42A3-9474-1A3956D46DE8}") = "Tests", "Tests", "{AE0C4445-4994-4044-9379-2E242E4CB997}"
EndProject
Project("{9A19103F-16F7-4668-BE54-9A1E7A4F7556}") = "DFC.App.Account.Services.DSS.UnitTest", "DFC.App.Account.Services.DSS.Test\DFC.App.Account.Services.DSS.UnitTest.csproj", "{83398966-AA47-410D-8B8A-EAD953B9D5A3}"
EndProject
Project("{2150E333-8FDC-42A3-9474-1A3956D46DE8}") = "Src", "Src", "{E90CD880-E46C-4FE7-BAB3-B75166B2243E}"
EndProject
Project("{9A19103F-16F7-4668-BE54-9A1E7A4F7556}") = "DFC.App.Accounts.IntegrationTest", "DFC.App.Accounts.IntegrationTest\DFC.App.Accounts.IntegrationTest.csproj", "{883598B1-0EB9-4E40-88E2-02B15BD4921D}"
EndProject
Project("{9A19103F-16F7-4668-BE54-9A1E7A4F7556}") = "DFC.App.Account.Services.SHC", "DFC.App.Account.Services.SHC\DFC.App.Account.Services.SHC.csproj", "{13164A27-6972-4BB0-A001-6FFBD6A5FA57}"
EndProject
Project("{FAE04EC0-301F-11D3-BF4B-00C04F79EFBC}") = "DFC.App.Account.Application", "DFC.App.Account.Application\DFC.App.Account.Application.csproj", "{31071C54-F9EE-4952-98C4-1B350BCEC06F}"
EndProject
Global
	GlobalSection(SolutionConfigurationPlatforms) = preSolution
		Debug|Any CPU = Debug|Any CPU
		Debug|x64 = Debug|x64
		Debug|x86 = Debug|x86
		Release|Any CPU = Release|Any CPU
		Release|x64 = Release|x64
		Release|x86 = Release|x86
	EndGlobalSection
	GlobalSection(ProjectConfigurationPlatforms) = postSolution
		{79FB0A7E-3102-4EDB-80C5-E38AD61709B1}.Debug|Any CPU.ActiveCfg = Debug|Any CPU
		{79FB0A7E-3102-4EDB-80C5-E38AD61709B1}.Debug|Any CPU.Build.0 = Debug|Any CPU
		{79FB0A7E-3102-4EDB-80C5-E38AD61709B1}.Debug|x64.ActiveCfg = Debug|Any CPU
		{79FB0A7E-3102-4EDB-80C5-E38AD61709B1}.Debug|x64.Build.0 = Debug|Any CPU
		{79FB0A7E-3102-4EDB-80C5-E38AD61709B1}.Debug|x86.ActiveCfg = Debug|Any CPU
		{79FB0A7E-3102-4EDB-80C5-E38AD61709B1}.Debug|x86.Build.0 = Debug|Any CPU
		{79FB0A7E-3102-4EDB-80C5-E38AD61709B1}.Release|Any CPU.ActiveCfg = Release|Any CPU
		{79FB0A7E-3102-4EDB-80C5-E38AD61709B1}.Release|Any CPU.Build.0 = Release|Any CPU
		{79FB0A7E-3102-4EDB-80C5-E38AD61709B1}.Release|x64.ActiveCfg = Release|Any CPU
		{79FB0A7E-3102-4EDB-80C5-E38AD61709B1}.Release|x64.Build.0 = Release|Any CPU
		{79FB0A7E-3102-4EDB-80C5-E38AD61709B1}.Release|x86.ActiveCfg = Release|Any CPU
		{79FB0A7E-3102-4EDB-80C5-E38AD61709B1}.Release|x86.Build.0 = Release|Any CPU
		{DC87EC67-9C8D-4360-9587-A78829D06299}.Debug|Any CPU.ActiveCfg = Debug|Any CPU
		{DC87EC67-9C8D-4360-9587-A78829D06299}.Debug|Any CPU.Build.0 = Debug|Any CPU
		{DC87EC67-9C8D-4360-9587-A78829D06299}.Debug|x64.ActiveCfg = Debug|Any CPU
		{DC87EC67-9C8D-4360-9587-A78829D06299}.Debug|x64.Build.0 = Debug|Any CPU
		{DC87EC67-9C8D-4360-9587-A78829D06299}.Debug|x86.ActiveCfg = Debug|Any CPU
		{DC87EC67-9C8D-4360-9587-A78829D06299}.Debug|x86.Build.0 = Debug|Any CPU
		{DC87EC67-9C8D-4360-9587-A78829D06299}.Release|Any CPU.ActiveCfg = Release|Any CPU
		{DC87EC67-9C8D-4360-9587-A78829D06299}.Release|Any CPU.Build.0 = Release|Any CPU
		{DC87EC67-9C8D-4360-9587-A78829D06299}.Release|x64.ActiveCfg = Release|Any CPU
		{DC87EC67-9C8D-4360-9587-A78829D06299}.Release|x64.Build.0 = Release|Any CPU
		{DC87EC67-9C8D-4360-9587-A78829D06299}.Release|x86.ActiveCfg = Release|Any CPU
		{DC87EC67-9C8D-4360-9587-A78829D06299}.Release|x86.Build.0 = Release|Any CPU
		{2B96F511-BA18-4ED3-8D72-25F8DBD5058F}.Debug|Any CPU.ActiveCfg = Debug|Any CPU
		{2B96F511-BA18-4ED3-8D72-25F8DBD5058F}.Debug|Any CPU.Build.0 = Debug|Any CPU
		{2B96F511-BA18-4ED3-8D72-25F8DBD5058F}.Debug|x64.ActiveCfg = Debug|Any CPU
		{2B96F511-BA18-4ED3-8D72-25F8DBD5058F}.Debug|x64.Build.0 = Debug|Any CPU
		{2B96F511-BA18-4ED3-8D72-25F8DBD5058F}.Debug|x86.ActiveCfg = Debug|Any CPU
		{2B96F511-BA18-4ED3-8D72-25F8DBD5058F}.Debug|x86.Build.0 = Debug|Any CPU
		{2B96F511-BA18-4ED3-8D72-25F8DBD5058F}.Release|Any CPU.ActiveCfg = Release|Any CPU
		{2B96F511-BA18-4ED3-8D72-25F8DBD5058F}.Release|Any CPU.Build.0 = Release|Any CPU
		{2B96F511-BA18-4ED3-8D72-25F8DBD5058F}.Release|x64.ActiveCfg = Release|Any CPU
		{2B96F511-BA18-4ED3-8D72-25F8DBD5058F}.Release|x64.Build.0 = Release|Any CPU
		{2B96F511-BA18-4ED3-8D72-25F8DBD5058F}.Release|x86.ActiveCfg = Release|Any CPU
		{2B96F511-BA18-4ED3-8D72-25F8DBD5058F}.Release|x86.Build.0 = Release|Any CPU
		{83398966-AA47-410D-8B8A-EAD953B9D5A3}.Debug|Any CPU.ActiveCfg = Debug|Any CPU
		{83398966-AA47-410D-8B8A-EAD953B9D5A3}.Debug|Any CPU.Build.0 = Debug|Any CPU
		{83398966-AA47-410D-8B8A-EAD953B9D5A3}.Debug|x64.ActiveCfg = Debug|Any CPU
		{83398966-AA47-410D-8B8A-EAD953B9D5A3}.Debug|x64.Build.0 = Debug|Any CPU
		{83398966-AA47-410D-8B8A-EAD953B9D5A3}.Debug|x86.ActiveCfg = Debug|Any CPU
		{83398966-AA47-410D-8B8A-EAD953B9D5A3}.Debug|x86.Build.0 = Debug|Any CPU
		{83398966-AA47-410D-8B8A-EAD953B9D5A3}.Release|Any CPU.ActiveCfg = Release|Any CPU
		{83398966-AA47-410D-8B8A-EAD953B9D5A3}.Release|Any CPU.Build.0 = Release|Any CPU
		{83398966-AA47-410D-8B8A-EAD953B9D5A3}.Release|x64.ActiveCfg = Release|Any CPU
		{83398966-AA47-410D-8B8A-EAD953B9D5A3}.Release|x64.Build.0 = Release|Any CPU
		{83398966-AA47-410D-8B8A-EAD953B9D5A3}.Release|x86.ActiveCfg = Release|Any CPU
		{83398966-AA47-410D-8B8A-EAD953B9D5A3}.Release|x86.Build.0 = Release|Any CPU
		{883598B1-0EB9-4E40-88E2-02B15BD4921D}.Debug|Any CPU.ActiveCfg = Debug|Any CPU
		{883598B1-0EB9-4E40-88E2-02B15BD4921D}.Debug|Any CPU.Build.0 = Debug|Any CPU
		{883598B1-0EB9-4E40-88E2-02B15BD4921D}.Debug|x64.ActiveCfg = Debug|Any CPU
		{883598B1-0EB9-4E40-88E2-02B15BD4921D}.Debug|x64.Build.0 = Debug|Any CPU
		{883598B1-0EB9-4E40-88E2-02B15BD4921D}.Debug|x86.ActiveCfg = Debug|Any CPU
		{883598B1-0EB9-4E40-88E2-02B15BD4921D}.Debug|x86.Build.0 = Debug|Any CPU
		{883598B1-0EB9-4E40-88E2-02B15BD4921D}.Release|Any CPU.ActiveCfg = Release|Any CPU
		{883598B1-0EB9-4E40-88E2-02B15BD4921D}.Release|Any CPU.Build.0 = Release|Any CPU
		{883598B1-0EB9-4E40-88E2-02B15BD4921D}.Release|x64.ActiveCfg = Release|Any CPU
		{883598B1-0EB9-4E40-88E2-02B15BD4921D}.Release|x64.Build.0 = Release|Any CPU
		{883598B1-0EB9-4E40-88E2-02B15BD4921D}.Release|x86.ActiveCfg = Release|Any CPU
		{883598B1-0EB9-4E40-88E2-02B15BD4921D}.Release|x86.Build.0 = Release|Any CPU
		{13164A27-6972-4BB0-A001-6FFBD6A5FA57}.Debug|Any CPU.ActiveCfg = Debug|Any CPU
		{13164A27-6972-4BB0-A001-6FFBD6A5FA57}.Debug|Any CPU.Build.0 = Debug|Any CPU
		{13164A27-6972-4BB0-A001-6FFBD6A5FA57}.Debug|x64.ActiveCfg = Debug|Any CPU
		{13164A27-6972-4BB0-A001-6FFBD6A5FA57}.Debug|x64.Build.0 = Debug|Any CPU
		{13164A27-6972-4BB0-A001-6FFBD6A5FA57}.Debug|x86.ActiveCfg = Debug|Any CPU
		{13164A27-6972-4BB0-A001-6FFBD6A5FA57}.Debug|x86.Build.0 = Debug|Any CPU
		{13164A27-6972-4BB0-A001-6FFBD6A5FA57}.Release|Any CPU.ActiveCfg = Release|Any CPU
		{13164A27-6972-4BB0-A001-6FFBD6A5FA57}.Release|Any CPU.Build.0 = Release|Any CPU
		{13164A27-6972-4BB0-A001-6FFBD6A5FA57}.Release|x64.ActiveCfg = Release|Any CPU
		{13164A27-6972-4BB0-A001-6FFBD6A5FA57}.Release|x64.Build.0 = Release|Any CPU
		{13164A27-6972-4BB0-A001-6FFBD6A5FA57}.Release|x86.ActiveCfg = Release|Any CPU
		{13164A27-6972-4BB0-A001-6FFBD6A5FA57}.Release|x86.Build.0 = Release|Any CPU
		{31071C54-F9EE-4952-98C4-1B350BCEC06F}.Debug|Any CPU.ActiveCfg = Debug|Any CPU
		{31071C54-F9EE-4952-98C4-1B350BCEC06F}.Debug|Any CPU.Build.0 = Debug|Any CPU
		{31071C54-F9EE-4952-98C4-1B350BCEC06F}.Debug|x64.ActiveCfg = Debug|Any CPU
		{31071C54-F9EE-4952-98C4-1B350BCEC06F}.Debug|x64.Build.0 = Debug|Any CPU
		{31071C54-F9EE-4952-98C4-1B350BCEC06F}.Debug|x86.ActiveCfg = Debug|Any CPU
		{31071C54-F9EE-4952-98C4-1B350BCEC06F}.Debug|x86.Build.0 = Debug|Any CPU
		{31071C54-F9EE-4952-98C4-1B350BCEC06F}.Release|Any CPU.ActiveCfg = Release|Any CPU
		{31071C54-F9EE-4952-98C4-1B350BCEC06F}.Release|Any CPU.Build.0 = Release|Any CPU
		{31071C54-F9EE-4952-98C4-1B350BCEC06F}.Release|x64.ActiveCfg = Release|Any CPU
		{31071C54-F9EE-4952-98C4-1B350BCEC06F}.Release|x64.Build.0 = Release|Any CPU
		{31071C54-F9EE-4952-98C4-1B350BCEC06F}.Release|x86.ActiveCfg = Release|Any CPU
		{31071C54-F9EE-4952-98C4-1B350BCEC06F}.Release|x86.Build.0 = Release|Any CPU
	EndGlobalSection
	GlobalSection(SolutionProperties) = preSolution
		HideSolutionNode = FALSE
	EndGlobalSection
	GlobalSection(NestedProjects) = preSolution
		{79FB0A7E-3102-4EDB-80C5-E38AD61709B1} = {E90CD880-E46C-4FE7-BAB3-B75166B2243E}
		{DC87EC67-9C8D-4360-9587-A78829D06299} = {AE0C4445-4994-4044-9379-2E242E4CB997}
		{2B96F511-BA18-4ED3-8D72-25F8DBD5058F} = {E90CD880-E46C-4FE7-BAB3-B75166B2243E}
		{83398966-AA47-410D-8B8A-EAD953B9D5A3} = {AE0C4445-4994-4044-9379-2E242E4CB997}
		{883598B1-0EB9-4E40-88E2-02B15BD4921D} = {AE0C4445-4994-4044-9379-2E242E4CB997}
		{13164A27-6972-4BB0-A001-6FFBD6A5FA57} = {E90CD880-E46C-4FE7-BAB3-B75166B2243E}
		{31071C54-F9EE-4952-98C4-1B350BCEC06F} = {E90CD880-E46C-4FE7-BAB3-B75166B2243E}
	EndGlobalSection
	GlobalSection(ExtensibilityGlobals) = postSolution
		SolutionGuid = {BEFEB928-DA29-403D-86F5-1AADACC216DB}
	EndGlobalSection
EndGlobal
